
Microsoft Visual Studio Solution File, Format Version 12.00
# Visual Studio Version 16
VisualStudioVersion = 16.0.31019.35
MinimumVisualStudioVersion = 10.0.40219.1
Project("{FAE04EC0-301F-11D3-BF4B-00C04F79EFBC}") = "Cemu Graphic Pack Generator", "Cemu Graphic Pack Generator\Cemu Graphic Pack Generator.csproj", "{AEA07FE4-E276-4F23-8EE9-DC34243A13B4}"
EndProject
Global
	GlobalSection(SolutionConfigurationPlatforms) = preSolution
		Debug|Any CPU = Debug|Any CPU
		Release|Any CPU = Release|Any CPU
	EndGlobalSection
	GlobalSection(ProjectConfigurationPlatforms) = postSolution
		{AEA07FE4-E276-4F23-8EE9-DC34243A13B4}.Debug|Any CPU.ActiveCfg = Debug|Any CPU
		{AEA07FE4-E276-4F23-8EE9-DC34243A13B4}.Debug|Any CPU.Build.0 = Debug|Any CPU
		{AEA07FE4-E276-4F23-8EE9-DC34243A13B4}.Release|Any CPU.ActiveCfg = Release|Any CPU
		{AEA07FE4-E276-4F23-8EE9-DC34243A13B4}.Release|Any CPU.Build.0 = Release|Any CPU
	EndGlobalSection
	GlobalSection(SolutionProperties) = preSolution
		HideSolutionNode = FALSE
	EndGlobalSection
	GlobalSection(ExtensibilityGlobals) = postSolution
		SolutionGuid = {7B8ADDFA-16B7-4419-9B26-1C172CF61C97}
	EndGlobalSection
EndGlobal
